Microsoft Visual Studio Solution File, Format Version 10.00
# Visual Studio 2008
Project("{8BC9CEB8-8B4A-11D0-8D11-00A0C91BC942}") = "baseclasses", "baseclasses\baseclasses.vcproj", "{27919050-7297-3D88-BE51-34DE562E7CAE}"
EndProject
Project("{8BC9CEB8-8B4A-11D0-8D11-00A0C91BC942}") = "vcapture", "vcapture\vcapture.vcproj", "{6CABA41C-D8A5-341B-AF59-99966B43B946}"
EndProject
Project("{8BC9CEB8-8B4A-11D0-8D11-00A0C91BC942}") = "ffmfilter", "ffmfilter\ffmfilter.vcproj", "{64A502B1-A9EB-3CF5-AA11-CC19AF68ACCE}"
	ProjectSection(ProjectDependencies) = postProject
		{27919050-7297-3D88-BE51-34DE562E7CAE} = {27919050-7297-3D88-BE51-34DE562E7CAE}
	EndProjectSection
EndProject
Project("{8BC9CEB8-8B4A-11D0-8D11-00A0C91BC942}") = "testcap", "testcap\testcap.vcproj", "{32EA249C-CAA9-4872-B14B-589A3BC91BE5}"
EndProject
Global
	GlobalSection(SolutionConfigurationPlatforms) = preSolution
		Debug|Win32 = Debug|Win32
		Release|Win32 = Release|Win32
	EndGlobalSection
	GlobalSection(ProjectConfigurationPlatforms) = postSolution
		{27919050-7297-3D88-BE51-34DE562E7CAE}.Debug|Win32.ActiveCfg = Debug|Win32
		{27919050-7297-3D88-BE51-34DE562E7CAE}.Debug|Win32.Build.0 = Debug|Win32
		{27919050-7297-3D88-BE51-34DE562E7CAE}.Release|Win32.ActiveCfg = Release|Win32
		{27919050-7297-3D88-BE51-34DE562E7CAE}.Release|Win32.Build.0 = Release|Win32
		{6CABA41C-D8A5-341B-AF59-99966B43B946}.Debug|Win32.ActiveCfg = Debug|Win32
		{6CABA41C-D8A5-341B-AF59-99966B43B946}.Debug|Win32.Build.0 = Debug|Win32
		{6CABA41C-D8A5-341B-AF59-99966B43B946}.Release|Win32.ActiveCfg = Release|Win32
		{6CABA41C-D8A5-341B-AF59-99966B43B946}.Release|Win32.Build.0 = Release|Win32
		{64A502B1-A9EB-3CF5-AA11-CC19AF68ACCE}.Debug|Win32.ActiveCfg = Debug|Win32
		{64A502B1-A9EB-3CF5-AA11-CC19AF68ACCE}.Debug|Win32.Build.0 = Debug|Win32
		{64A502B1-A9EB-3CF5-AA11-CC19AF68ACCE}.Release|Win32.ActiveCfg = Release|Win32
		{64A502B1-A9EB-3CF5-AA11-CC19AF68ACCE}.Release|Win32.Build.0 = Release|Win32
		{32EA249C-CAA9-4872-B14B-589A3BC91BE5}.Debug|Win32.ActiveCfg = Debug|Win32
		{32EA249C-CAA9-4872-B14B-589A3BC91BE5}.Debug|Win32.Build.0 = Debug|Win32
		{32EA249C-CAA9-4872-B14B-589A3BC91BE5}.Release|Win32.ActiveCfg = Release|Win32
		{32EA249C-CAA9-4872-B14B-589A3BC91BE5}.Release|Win32.Build.0 = Release|Win32
	EndGlobalSection
	GlobalSection(SolutionProperties) = preSolution
		HideSolutionNode = FALSE
	EndGlobalSection
EndGlobal
